
Microsoft Visual Studio Solution File, Format Version 12.00
# Visual Studio Version 16
VisualStudioVersion = 16.0.31624.102
MinimumVisualStudioVersion = 10.0.40219.1
Project("{FAE04EC0-301F-11D3-BF4B-00C04F79EFBC}") = "MyWebSite", "MyWebSite\MyWebSite.csproj", "{45F589F3-E195-4A8C-B91C-91012800859B}"
EndProject
Global
	GlobalSection(SolutionConfigurationPlatforms) = preSolution
		Debug|Any CPU = Debug|Any CPU
		Release|Any CPU = Release|Any CPU
	EndGlobalSection
	GlobalSection(ProjectConfigurationPlatforms) = postSolution
		{45F589F3-E195-4A8C-B91C-91012800859B}.Debug|Any CPU.ActiveCfg = Debug|Any CPU
		{45F589F3-E195-4A8C-B91C-91012800859B}.Debug|Any CPU.Build.0 = Debug|Any CPU
		{45F589F3-E195-4A8C-B91C-91012800859B}.Release|Any CPU.ActiveCfg = Release|Any CPU
		{45F589F3-E195-4A8C-B91C-91012800859B}.Release|Any CPU.Build.0 = Release|Any CPU
	EndGlobalSection
	GlobalSection(SolutionProperties) = preSolution
		HideSolutionNode = FALSE
	EndGlobalSection
	GlobalSection(ExtensibilityGlobals) = postSolution
		SolutionGuid = {3AFF7F2F-019C-4987-93AB-ADA40BABF394}
	EndGlobalSection
EndGlobal
